// !$*UTF8*$!
{
	archiveVersion = 1;
	classes = {
	};
	objectVersion = 48;
	objects = {

/* Begin PBXBuildFile section */
		76211800215CD24500CFF964 /* SqueezeNet.mlmodel in Sources */ = {isa = PBXBuildFile; fileRef = 762117FF215CD24500CFF964 /* SqueezeNet.mlmodel */; };
		76211802215D1E9E00CFF964 /* Translate.swift in Sources */ = {isa = PBXBuildFile; fileRef = 76211801215D1E9E00CFF964 /* Translate.swift */; };
		76211804215D227900CFF964 /* AFNetworking.framework in Frameworks */ = {isa = PBXBuildFile; fileRef = 76211803215D227900CFF964 /* AFNetworking.framework */; };
		76211805215D227900CFF964 /* AFNetworking.framework in Embed Frameworks */ = {isa = PBXBuildFile; fileRef = 76211803215D227900CFF964 /* AFNetworking.framework */; settings = {ATTRIBUTES = (CodeSignOnCopy, RemoveHeadersOnCopy, ); }; };
		76211808215D28AD00CFF964 /* md5.swift in Sources */ = {isa = PBXBuildFile; fileRef = 76211807215D28AD00CFF964 /* md5.swift */; };
		EB4EE3981F8BEBCB00B361B5 /* AVFoundation.framework in Frameworks */ = {isa = PBXBuildFile; fileRef = EB4EE3971F8BEBCB00B361B5 /* AVFoundation.framework */; };
		EB4EE39A1F8BEC2700B361B5 /* CoreML.framework in Frameworks */ = {isa = PBXBuildFile; fileRef = EB4EE3991F8BEC2700B361B5 /* CoreML.framework */; };
		EB4EE39E1F8BF18900B361B5 /* 1 in Sources */ = {isa = PBXBuildFile; fileRef = EB4EE39D1F8BF15100B361B5 /* 1 */; };
		EB4EE3A11F8BFB9700B361B5 /* ProcessCapturedImageUsingCoreML.swift in Sources */ = {isa = PBXBuildFile; fileRef = EB4EE3A01F8BFB9700B361B5 /* ProcessCapturedImageUsingCoreML.swift */; };
		EB4EE3A31F8BFC4900B361B5 /* SetupUIFunctionalities.swift in Sources */ = {isa = PBXBuildFile; fileRef = EB4EE3A21F8BFC4900B361B5 /* SetupUIFunctionalities.swift */; };
		EB4EE3A51F8BFD2F00B361B5 /* FlashState.swift in Sources */ = {isa = PBXBuildFile; fileRef = EB4EE3A41F8BFD2F00B361B5 /* FlashState.swift */; };
		EBBC4D331F8A680800536977 /* AppDelegate.swift in Sources */ = {isa = PBXBuildFile; fileRef = EBBC4D321F8A680800536977 /* AppDelegate.swift */; };
		EBBC4D351F8A680800536977 /* CameraVC.swift in Sources */ = {isa = PBXBuildFile; fileRef = EBBC4D341F8A680800536977 /* CameraVC.swift */; };
		EBBC4D381F8A680800536977 /* Main.storyboard in Resources */ = {isa = PBXBuildFile; fileRef = EBBC4D361F8A680800536977 /* Main.storyboard */; };
		EBBC4D3A1F8A680800536977 /* Assets.xcassets in Resources */ = {isa = PBXBuildFile; fileRef = EBBC4D391F8A680800536977 /* Assets.xcassets */; };
		EBBC4D3D1F8A680800536977 /* LaunchScreen.storyboard in Resources */ = {isa = PBXBuildFile; fileRef = EBBC4D3B1F8A680800536977 /* LaunchScreen.storyboard */; };
		EBBC4D481F8A6E8B00536977 /* CustomView.swift in Sources */ = {isa = PBXBuildFile; fileRef = EBBC4D471F8A6E8B00536977 /* CustomView.swift */; };
		EBBC4D4A1F8A704B00536977 /* CustomButton.swift in Sources */ = {isa = PBXBuildFile; fileRef = EBBC4D491F8A704B00536977 /* CustomButton.swift */; };
		EBBC4D4C1F8A70A700536977 /* CustomImageView.swift in Sources */ = {isa = PBXBuildFile; fileRef = EBBC4D4B1F8A70A700536977 /* CustomImageView.swift */; };
/* End PBXBuildFile section */

/* Begin PBXCopyFilesBuildPhase section */
		76211806215D227900CFF964 /* Embed Frameworks */ = {
			isa = PBXCopyFilesBuildPhase;
			buildActionMask = 2147483647;
			dstPath = "";
			dstSubfolderSpec = 10;
			files = (
				76211805215D227900CFF964 /* AFNetworking.framework in Embed Frameworks */,
			);
			name = "Embed Frameworks";
			runOnlyForDeploymentPostprocessing = 0;
		};
/* End PBXCopyFilesBuildPhase section */

/* Begin PBXFileReference section */
		762117FF215CD24500CFF964 /* SqueezeNet.mlmodel */ = {isa = PBXFileReference; lastKnownFileType = file.mlmodel; path = SqueezeNet.mlmodel; sourceTree = "<group>"; };
		76211801215D1E9E00CFF964 /* Translate.swift */ = {isa = PBXFileReference; lastKnownFileType = sourcecode.swift; path = Translate.swift; sourceTree = "<group>"; };
		76211803215D227900CFF964 /* AFNetworking.framework */ = {isa = PBXFileReference; lastKnownFileType = wrapper.framework; path = AFNetworking.framework; sourceTree = "<group>"; };
		76211807215D28AD00CFF964 /* md5.swift */ = {isa = PBXFileReference; lastKnownFileType = sourcecode.swift; path = md5.swift; sourceTree = "<group>"; };
		EB4EE3971F8BEBCB00B361B5 /* AVFoundation.framework */ = {isa = PBXFileReference; lastKnownFileType = wrapper.framework; name = AVFoundation.framework; path = System/Library/Frameworks/AVFoundation.framework; sourceTree = SDKROOT; };
		EB4EE3991F8BEC2700B361B5 /* CoreML.framework */ = {isa = PBXFileReference; lastKnownFileType = wrapper.framework; name = CoreML.framework; path = System/Library/Frameworks/CoreML.framework; sourceTree = SDKROOT; };
		EB4EE39D1F8BF15100B361B5 /* 1 */ = {isa = PBXFileReference; lastKnownFileType = file; path = 1; sourceTree = "<group>"; };
		EB4EE3A01F8BFB9700B361B5 /* ProcessCapturedImageUsingCoreML.swift */ = {isa = PBXFileReference; lastKnownFileType = sourcecode.swift; path = ProcessCapturedImageUsingCoreML.swift; sourceTree = "<group>"; };
		EB4EE3A21F8BFC4900B361B5 /* SetupUIFunctionalities.swift */ = {isa = PBXFileReference; lastKnownFileType = sourcecode.swift; path = SetupUIFunctionalities.swift; sourceTree = "<group>"; };
		EB4EE3A41F8BFD2F00B361B5 /* FlashState.swift */ = {isa = PBXFileReference; lastKnownFileType = sourcecode.swift; path = FlashState.swift; sourceTree = "<group>"; };
		EBBC4D2F1F8A680800536977 /* ObjectSpeaker.app */ = {isa = PBXFileReference; explicitFileType = wrapper.application; includeInIndex = 0; path = ObjectSpeaker.app; sourceTree = BUILT_PRODUCTS_DIR; };
		EBBC4D321F8A680800536977 /* AppDelegate.swift */ = {isa = PBXFileReference; lastKnownFileType = sourcecode.swift; path = AppDelegate.swift; sourceTree = "<group>"; };
		EBBC4D341F8A680800536977 /* CameraVC.swift */ = {isa = PBXFileReference; lastKnownFileType = sourcecode.swift; path = CameraVC.swift; sourceTree = "<group>"; };
		EBBC4D371F8A680800536977 /* Base */ = {isa = PBXFileReference; lastKnownFileType = file.storyboard; name = Base; path = Base.lproj/Main.storyboard; sourceTree = "<group>"; };
		EBBC4D391F8A680800536977 /* Assets.xcassets */ = {isa = PBXFileReference; lastKnownFileType = folder.assetcatalog; path = Assets.xcassets; sourceTree = "<group>"; };
		EBBC4D3C1F8A680800536977 /* Base */ = {isa = PBXFileReference; lastKnownFileType = file.storyboard; name = Base; path = Base.lproj/LaunchScreen.storyboard; sourceTree = "<group>"; };
		EBBC4D3E1F8A680800536977 /* Info.plist */ = {isa = PBXFileReference; lastKnownFileType = text.plist.xml; path = Info.plist; sourceTree = "<group>"; };
		EBBC4D471F8A6E8B00536977 /* CustomView.swift */ = {isa = PBXFileReference; lastKnownFileType = sourcecode.swift; path = CustomView.swift; sourceTree = "<group>"; };
		EBBC4D491F8A704B00536977 /* CustomButton.swift */ = {isa = PBXFileReference; lastKnownFileType = sourcecode.swift; path = CustomButton.swift; sourceTree = "<group>"; };
		EBBC4D4B1F8A70A700536977 /* CustomImageView.swift */ = {isa = PBXFileReference; lastKnownFileType = sourcecode.swift; path = CustomImageView.swift; sourceTree = "<group>"; };
/* End PBXFileReference section */

/* Begin PBXFrameworksBuildPhase section */
		EBBC4D2C1F8A680800536977 /* Frameworks */ = {
			isa = PBXFrameworksBuildPhase;
			buildActionMask = 2147483647;
			files = (
				EB4EE39A1F8BEC2700B361B5 /* CoreML.framework in Frameworks */,
				76211804215D227900CFF964 /* AFNetworking.framework in Frameworks */,
				EB4EE3981F8BEBCB00B361B5 /* AVFoundation.framework in Frameworks */,
			);
			runOnlyForDeploymentPostprocessing = 0;
		};
/* End PBXFrameworksBuildPhase section */

/* Begin PBXGroup section */
		EB4EE3961F8BEBCB00B361B5 /* Frameworks */ = {
			isa = PBXGroup;
			children = (
				EB4EE3991F8BEC2700B361B5 /* CoreML.framework */,
				EB4EE3971F8BEBCB00B361B5 /* AVFoundation.framework */,
			);
			name = Frameworks;
			sourceTree = "<group>";
		};
		EB4EE39F1F8BFB5F00B361B5 /* Extensions */ = {
			isa = PBXGroup;
			children = (
				EB4EE3A01F8BFB9700B361B5 /* ProcessCapturedImageUsingCoreML.swift */,
				EB4EE3A21F8BFC4900B361B5 /* SetupUIFunctionalities.swift */,
				EB4EE3A41F8BFD2F00B361B5 /* FlashState.swift */,
				76211801215D1E9E00CFF964 /* Translate.swift */,
				76211807215D28AD00CFF964 /* md5.swift */,
			);
			path = Extensions;
			sourceTree = "<group>";
		};
		EBBC4D261F8A680700536977 = {
			isa = PBXGroup;
			children = (
				76211803215D227900CFF964 /* AFNetworking.framework */,
				EBBC4D311F8A680800536977 /* ObjectSpeaker */,
				EBBC4D301F8A680800536977 /* Products */,
				EB4EE3961F8BEBCB00B361B5 /* Frameworks */,
			);
			sourceTree = "<group>";
		};
		EBBC4D301F8A680800536977 /* Products */ = {
			isa = PBXGroup;
			children = (
				EBBC4D2F1F8A680800536977 /* ObjectSpeaker.app */,
			);
			name = Products;
			sourceTree = "<group>";
		};
		EBBC4D311F8A680800536977 /* ObjectSpeaker */ = {
			isa = PBXGroup;
			children = (
				EB4EE39F1F8BFB5F00B361B5 /* Extensions */,
				EBBC4D461F8A6B8E00536977 /* Model */,
				EBBC4D451F8A6B8700536977 /* View */,
				EBBC4D441F8A6B7F00536977 /* Controller */,
				EBBC4D321F8A680800536977 /* AppDelegate.swift */,
				EBBC4D361F8A680800536977 /* Main.storyboard */,
				EBBC4D391F8A680800536977 /* Assets.xcassets */,
				EBBC4D3B1F8A680800536977 /* LaunchScreen.storyboard */,
				EBBC4D3E1F8A680800536977 /* Info.plist */,
			);
			path = ObjectSpeaker;
			sourceTree = "<group>";
		};
		EBBC4D441F8A6B7F00536977 /* Controller */ = {
			isa = PBXGroup;
			children = (
				EBBC4D341F8A680800536977 /* CameraVC.swift */,
			);
			path = Controller;
			sourceTree = "<group>";
		};
		EBBC4D451F8A6B8700536977 /* View */ = {
			isa = PBXGroup;
			children = (
				EBBC4D471F8A6E8B00536977 /* CustomView.swift */,
				EBBC4D491F8A704B00536977 /* CustomButton.swift */,
				EBBC4D4B1F8A70A700536977 /* CustomImageView.swift */,
			);
			path = View;
			sourceTree = "<group>";
		};
		EBBC4D461F8A6B8E00536977 /* Model */ = {
			isa = PBXGroup;
			children = (
				762117FF215CD24500CFF964 /* SqueezeNet.mlmodel */,
				EB4EE39D1F8BF15100B361B5 /* 1 */,
			);
			path = Model;
			sourceTree = "<group>";
		};
/* End PBXGroup section */

/* Begin PBXNativeTarget section */
		EBBC4D2E1F8A680800536977 /* ObjectSpeaker */ = {
			isa = PBXNativeTarget;
			buildConfigurationList = EBBC4D411F8A680800536977 /* Build configuration list for PBXNativeTarget "ObjectSpeaker" */;
			buildPhases = (
				EBBC4D2B1F8A680800536977 /* Sources */,
				EBBC4D2C1F8A680800536977 /* Frameworks */,
				EBBC4D2D1F8A680800536977 /* Resources */,
				76211806215D227900CFF964 /* Embed Frameworks */,
			);
			buildRules = (
			);
			dependencies = (
			);
			name = ObjectSpeaker;
			productName = ObjectRecognizer;
			productReference = EBBC4D2F1F8A680800536977 /* ObjectSpeaker.app */;
			productType = "com.apple.product-type.application";
		};
/* End PBXNativeTarget section */

/* Begin PBXProject section */
		EBBC4D271F8A680700536977 /* Project object */ = {
			isa = PBXProject;
			attributes = {
				LastSwiftUpdateCheck = 0900;
				LastUpgradeCheck = 1000;
				ORGANIZATIONNAME = vmengblog;
				TargetAttributes = {
					EBBC4D2E1F8A680800536977 = {
						CreatedOnToolsVersion = 9.0;
						LastSwiftMigration = 1000;
						ProvisioningStyle = Automatic;
					};
				};
			};
			buildConfigurationList = EBBC4D2A1F8A680700536977 /* Build configuration list for PBXProject "ObjectSpeaker" */;
			compatibilityVersion = "Xcode 8.0";
			developmentRegion = en;
			hasScannedForEncodings = 0;
			knownRegions = (
				en,
				Base,
			);
			mainGroup = EBBC4D261F8A680700536977;
			productRefGroup = EBBC4D301F8A680800536977 /* Products */;
			projectDirPath = "";
			projectRoot = "";
			targets = (
				EBBC4D2E1F8A680800536977 /* ObjectSpeaker */,
			);
		};
/* End PBXProject section */

/* Begin PBXResourcesBuildPhase section */
		EBBC4D2D1F8A680800536977 /* Resources */ = {
			isa = PBXResourcesBuildPhase;
			buildActionMask = 2147483647;
			files = (
				EBBC4D3D1F8A680800536977 /* LaunchScreen.storyboard in Resources */,
				EBBC4D3A1F8A680800536977 /* Assets.xcassets in Resources */,
				EBBC4D381F8A680800536977 /* Main.storyboard in Resources */,
			);
			runOnlyForDeploymentPostprocessing = 0;
		};
/* End PBXResourcesBuildPhase section */

/* Begin PBXSourcesBuildPhase section */
		EBBC4D2B1F8A680800536977 /* Sources */ = {
			isa = PBXSourcesBuildPhase;
			buildActionMask = 2147483647;
			files = (
				EB4EE39E1F8BF18900B361B5 /* 1 in Sources */,
				EBBC4D4A1F8A704B00536977 /* CustomButton.swift in Sources */,
				76211802215D1E9E00CFF964 /* Translate.swift in Sources */,
				EBBC4D481F8A6E8B00536977 /* CustomView.swift in Sources */,
				EB4EE3A51F8BFD2F00B361B5 /* FlashState.swift in Sources */,
				EBBC4D351F8A680800536977 /* CameraVC.swift in Sources */,
				76211808215D28AD00CFF964 /* md5.swift in Sources */,
				EBBC4D331F8A680800536977 /* AppDelegate.swift in Sources */,
				76211800215CD24500CFF964 /* SqueezeNet.mlmodel in Sources */,
				EBBC4D4C1F8A70A700536977 /* CustomImageView.swift in Sources */,
				EB4EE3A11F8BFB9700B361B5 /* ProcessCapturedImageUsingCoreML.swift in Sources */,
				EB4EE3A31F8BFC4900B361B5 /* SetupUIFunctionalities.swift in Sources */,
			);
			runOnlyForDeploymentPostprocessing = 0;
		};
/* End PBXSourcesBuildPhase section */

/* Begin PBXVariantGroup section */
		EBBC4D361F8A680800536977 /* Main.storyboard */ = {
			isa = PBXVariantGroup;
			children = (
				EBBC4D371F8A680800536977 /* Base */,
			);
			name = Main.storyboard;
			sourceTree = "<group>";
		};
		EBBC4D3B1F8A680800536977 /* LaunchScreen.storyboard */ = {
			isa = PBXVariantGroup;
			children = (
				EBBC4D3C1F8A680800536977 /* Base */,
			);
			name = LaunchScreen.storyboard;
			sourceTree = "<group>";
		};
/* End PBXVariantGroup section */

/* Begin XCBuildConfiguration section */
		EBBC4D3F1F8A680800536977 /* Debug */ = {
			isa = XCBuildConfiguration;
			buildSettings = {
				ALWAYS_SEARCH_USER_PATHS = NO;
				CLANG_ANALYZER_NONNULL = YES;
				CLANG_ANALYZER_NUMBER_OBJECT_CONVERSION = YES_AGGRESSIVE;
				CLANG_CXX_LANGUAGE_STANDARD = "gnu++14";
				CLANG_CXX_LIBRARY = "libc++";
				CLANG_ENABLE_MODULES = YES;
				CLANG_ENABLE_OBJC_ARC = YES;
				CLANG_WARN_BLOCK_CAPTURE_AUTORELEASING = YES;
				CLANG_WARN_BOOL_CONVERSION = YES;
				CLANG_WARN_COMMA = YES;
				CLANG_WARN_CONSTANT_CONVERSION = YES;
				CLANG_WARN_DEPRECATED_OBJC_IMPLEMENTATIONS = YES;
				CLANG_WARN_DIRECT_OBJC_ISA_USAGE = YES_ERROR;
				CLANG_WARN_DOCUMENTATION_COMMENTS = YES;
				CLANG_WARN_EMPTY_BODY = YES;
				CLANG_WARN_ENUM_CONVERSION = YES;
				CLANG_WARN_INFINITE_RECURSION = YES;
				CLANG_WARN_INT_CONVERSION = YES;
				CLANG_WARN_NON_LITERAL_NULL_CONVERSION = YES;
				CLANG_WARN_OBJC_IMPLICIT_RETAIN_SELF = YES;
				CLANG_WARN_OBJC_LITERAL_CONVERSION = YES;
				CLANG_WARN_OBJC_ROOT_CLASS = YES_ERROR;
				CLANG_WARN_RANGE_LOOP_ANALYSIS = YES;
				CLANG_WARN_STRICT_PROTOTYPES = YES;
				CLANG_WARN_SUSPICIOUS_MOVE = YES;
				CLANG_WARN_UNGUARDED_AVAILABILITY = YES_AGGRESSIVE;
				CLANG_WARN_UNREACHABLE_CODE = YES;
				CLANG_WARN__DUPLICATE_METHOD_MATCH = YES;
				CODE_SIGN_IDENTITY = "iPhone Developer";
				COPY_PHASE_STRIP = NO;
				DEBUG_INFORMATION_FORMAT = dwarf;
				ENABLE_STRICT_OBJC_MSGSEND = YES;
				ENABLE_TESTABILITY = YES;
				GCC_C_LANGUAGE_STANDARD = gnu11;
				GCC_DYNAMIC_NO_PIC = NO;
				GCC_NO_COMMON_BLOCKS = YES;
				GCC_OPTIMIZATION_LEVEL = 0;
				GCC_PREPROCESSOR_DEFINITIONS = (
					"DEBUG=1",
					"$(inherited)",
				);
				GCC_WARN_64_TO_32_BIT_CONVERSION = YES;
				GCC_WARN_ABOUT_RETURN_TYPE = YES_ERROR;
				GCC_WARN_UNDECLARED_SELECTOR = YES;
				GCC_WARN_UNINITIALIZED_AUTOS = YES_AGGRESSIVE;
				GCC_WARN_UNUSED_FUNCTION = YES;
				GCC_WARN_UNUSED_VARIABLE = YES;
				IPHONEOS_DEPLOYMENT_TARGET = 11.0;
				MTL_ENABLE_DEBUG_INFO = YES;
				ONLY_ACTIVE_ARCH = YES;
				SDKROOT = iphoneos;
				SWIFT_ACTIVE_COMPILATION_CONDITIONS = DEBUG;
				SWIFT_OPTIMIZATION_LEVEL = "-Onone";
			};
			name = Debug;
		};
		EBBC4D401F8A680800536977 /* Release */ = {
			isa = XCBuildConfiguration;
			buildSettings = {
				ALWAYS_SEARCH_USER_PATHS = NO;
				CLANG_ANALYZER_NONNULL = YES;
				CLANG_ANALYZER_NUMBER_OBJECT_CONVERSION = YES_AGGRESSIVE;
				CLANG_CXX_LANGUAGE_STANDARD = "gnu++14";
				CLANG_CXX_LIBRARY = "libc++";
				CLANG_ENABLE_MODULES = YES;
				CLANG_ENABLE_OBJC_ARC = YES;
				CLANG_WARN_BLOCK_CAPTURE_AUTORELEASING = YES;
				CLANG_WARN_BOOL_CONVERSION = YES;
				CLANG_WARN_COMMA = YES;
				CLANG_WARN_CONSTANT_CONVERSION = YES;
				CLANG_WARN_DEPRECATED_OBJC_IMPLEMENTATIONS = YES;
				CLANG_WARN_DIRECT_OBJC_ISA_USAGE = YES_ERROR;
				CLANG_WARN_DOCUMENTATION_COMMENTS = YES;
				CLANG_WARN_EMPTY_BODY = YES;
				CLANG_WARN_ENUM_CONVERSION = YES;
				CLANG_WARN_INFINITE_RECURSION = YES;
				CLANG_WARN_INT_CONVERSION = YES;
				CLANG_WARN_NON_LITERAL_NULL_CONVERSION = YES;
				CLANG_WARN_OBJC_IMPLICIT_RETAIN_SELF = YES;
				CLANG_WARN_OBJC_LITERAL_CONVERSION = YES;
				CLANG_WARN_OBJC_ROOT_CLASS = YES_ERROR;
				CLANG_WARN_RANGE_LOOP_ANALYSIS = YES;
				CLANG_WARN_STRICT_PROTOTYPES = YES;
				CLANG_WARN_SUSPICIOUS_MOVE = YES;
				CLANG_WARN_UNGUARDED_AVAILABILITY = YES_AGGRESSIVE;
				CLANG_WARN_UNREACHABLE_CODE = YES;
				CLANG_WARN__DUPLICATE_METHOD_MATCH = YES;
				CODE_SIGN_IDENTITY = "iPhone Developer";
				COPY_PHASE_STRIP = NO;
				DEBUG_INFORMATION_FORMAT = "dwarf-with-dsym";
				ENABLE_NS_ASSERTIONS = NO;
				ENABLE_STRICT_OBJC_MSGSEND = YES;
				GCC_C_LANGUAGE_STANDARD = gnu11;
				GCC_NO_COMMON_BLOCKS = YES;
				GCC_WARN_64_TO_32_BIT_CONVERSION = YES;
				GCC_WARN_ABOUT_RETURN_TYPE = YES_ERROR;
				GCC_WARN_UNDECLARED_SELECTOR = YES;
				GCC_WARN_UNINITIALIZED_AUTOS = YES_AGGRESSIVE;
				GCC_WARN_UNUSED_FUNCTION = YES;
				GCC_WARN_UNUSED_VARIABLE = YES;
				IPHONEOS_DEPLOYMENT_TARGET = 11.0;
				MTL_ENABLE_DEBUG_INFO = NO;
				SDKROOT = iphoneos;
				SWIFT_OPTIMIZATION_LEVEL = "-Owholemodule";
				VALIDATE_PRODUCT = YES;
			};
			name = Release;
		};
		EBBC4D421F8A680800536977 /* Debug */ = {
			isa = XCBuildConfiguration;
			buildSettings = {
				ASSETCATALOG_COMPILER_APPICON_NAME = AppIcon;
				ASSETCATALOG_COMPILER_LAUNCHIMAGE_NAME = LaunchImage;
				CODE_SIGN_STYLE = Automatic;
				DEVELOPMENT_TEAM = 5WPX3QX93G;
				FRAMEWORK_SEARCH_PATHS = (
					"$(inherited)",
					"$(PROJECT_DIR)",
				);
				INFOPLIST_FILE = "$(SRCROOT)/ObjectSpeaker/Info.plist";
				LD_RUNPATH_SEARCH_PATHS = "$(inherited) @executable_path/Frameworks";
				PRODUCT_BUNDLE_IDENTIFIER = com.vmeng.ObjectSpeaker;
				PRODUCT_NAME = "$(TARGET_NAME)";
				SWIFT_VERSION = 4.2;
				TARGETED_DEVICE_FAMILY = "1,2";
			};
			name = Debug;
		};
		EBBC4D431F8A680800536977 /* Release */ = {
			isa = XCBuildConfiguration;
			buildSettings = {
				ASSETCATALOG_COMPILER_APPICON_NAME = AppIcon;
				ASSETCATALOG_COMPILER_LAUNCHIMAGE_NAME = LaunchImage;
				CODE_SIGN_STYLE = Automatic;
				DEVELOPMENT_TEAM = 5WPX3QX93G;
				FRAMEWORK_SEARCH_PATHS = (
					"$(inherited)",
					"$(PROJECT_DIR)",
				);
				INFOPLIST_FILE = "$(SRCROOT)/ObjectSpeaker/Info.plist";
				LD_RUNPATH_SEARCH_PATHS = "$(inherited) @executable_path/Frameworks";
				PRODUCT_BUNDLE_IDENTIFIER = com.vmeng.ObjectSpeaker;
				PRODUCT_NAME = "$(TARGET_NAME)";
				SWIFT_VERSION = 4.2;
				TARGETED_DEVICE_FAMILY = "1,2";
			};
			name = Release;
		};
/* End XCBuildConfiguration section */

/* Begin XCConfigurationList section */
		EBBC4D2A1F8A680700536977 /* Build configuration list for PBXProject "ObjectSpeaker" */ = {
			isa = XCConfigurationList;
			buildConfigurations = (
				EBBC4D3F1F8A680800536977 /* Debug */,
				EBBC4D401F8A680800536977 /* Release */,
			);
			defaultConfigurationIsVisible = 0;
			defaultConfigurationName = Release;
		};
		EBBC4D411F8A680800536977 /* Build configuration list for PBXNativeTarget "ObjectSpeaker" */ = {
			isa = XCConfigurationList;
			buildConfigurations = (
				EBBC4D421F8A680800536977 /* Debug */,
				EBBC4D431F8A680800536977 /* Release */,
			);
			defaultConfigurationIsVisible = 0;
			defaultConfigurationName = Release;
		};
/* End XCConfigurationList section */
	};
	rootObject = EBBC4D271F8A680700536977 /* Project object */;
}
